
Microsoft Visual Studio Solution File, Format Version 12.00
# Visual Studio Version 16
VisualStudioVersion = 16.0.29806.167
MinimumVisualStudioVersion = 10.0.40219.1
Project("{FAE04EC0-301F-11D3-BF4B-00C04F79EFBC}") = "TRMDataManager", "TRMDataManager\TRMDataManager.csproj", "{D2B5AA89-EE0C-46B4-A760-A1C18F30784B}"
EndProject
Project("{00D1A9C2-B5F0-4AF3-8072-F6C62B433612}") = "TRMData", "TRMData\TRMData.sqlproj", "{03C0C042-DCFE-4E14-A7B2-9F5A384A74B0}"
EndProject
Project("{FAE04EC0-301F-11D3-BF4B-00C04F79EFBC}") = "TRMDesktopUI", "TRMDesktopUI\TRMDesktopUI.csproj", "{F10345EE-B73D-4096-915A-554C2AE91095}"
EndProject
Global
	GlobalSection(SolutionConfigurationPlatforms) = preSolution
		Debug|Any CPU = Debug|Any CPU
		Release|Any CPU = Release|Any CPU
	EndGlobalSection
	GlobalSection(ProjectConfigurationPlatforms) = postSolution
		{D2B5AA89-EE0C-46B4-A760-A1C18F30784B}.Debug|Any CPU.ActiveCfg = Debug|Any CPU
		{D2B5AA89-EE0C-46B4-A760-A1C18F30784B}.Debug|Any CPU.Build.0 = Debug|Any CPU
		{D2B5AA89-EE0C-46B4-A760-A1C18F30784B}.Release|Any CPU.ActiveCfg = Release|Any CPU
		{D2B5AA89-EE0C-46B4-A760-A1C18F30784B}.Release|Any CPU.Build.0 = Release|Any CPU
		{03C0C042-DCFE-4E14-A7B2-9F5A384A74B0}.Debug|Any CPU.ActiveCfg = Debug|Any CPU
		{03C0C042-DCFE-4E14-A7B2-9F5A384A74B0}.Debug|Any CPU.Build.0 = Debug|Any CPU
		{03C0C042-DCFE-4E14-A7B2-9F5A384A74B0}.Debug|Any CPU.Deploy.0 = Debug|Any CPU
		{03C0C042-DCFE-4E14-A7B2-9F5A384A74B0}.Release|Any CPU.ActiveCfg = Release|Any CPU
		{03C0C042-DCFE-4E14-A7B2-9F5A384A74B0}.Release|Any CPU.Build.0 = Release|Any CPU
		{03C0C042-DCFE-4E14-A7B2-9F5A384A74B0}.Release|Any CPU.Deploy.0 = Release|Any CPU
		{F10345EE-B73D-4096-915A-554C2AE91095}.Debug|Any CPU.ActiveCfg = Debug|Any CPU
		{F10345EE-B73D-4096-915A-554C2AE91095}.Debug|Any CPU.Build.0 = Debug|Any CPU
		{F10345EE-B73D-4096-915A-554C2AE91095}.Release|Any CPU.ActiveCfg = Release|Any CPU
		{F10345EE-B73D-4096-915A-554C2AE91095}.Release|Any CPU.Build.0 = Release|Any CPU
	EndGlobalSection
	GlobalSection(SolutionProperties) = preSolution
		HideSolutionNode = FALSE
	EndGlobalSection
	GlobalSection(ExtensibilityGlobals) = postSolution
		SolutionGuid = {0546C163-F735-4275-B26A-ADAA562D2D49}
	EndGlobalSection
EndGlobal
